{
  "lockfileVersion": 1,
  "workspaces": {
    "": {
      "name": "vit",
      "dependencies": {
        "@atproto/api": "^0.18.20",
        "@atproto/oauth-client-node": "^0.3.16",
        "@ipld/dag-cbor": "^9.2.0",
        "@noble/curves": "^1.8.0",
        "@noble/hashes": "^1.7.0",
        "bs58": "^6.0.0",
        "commander": "^13.0.0",
        "env-paths": "4.0.0",
        "isomorphic-git": "1.37.0",
        "memfs": "4.56.10",
      },
    },
  },
  "packages": {
    "@atproto-labs/did-resolver": ["@atproto-labs/did-resolver@0.2.6", "", { "dependencies": { "@atproto-labs/fetch": "0.2.3", "@atproto-labs/pipe": "0.1.1", "@atproto-labs/simple-store": "0.3.0", "@atproto-labs/simple-store-memory": "0.1.4", "@atproto/did": "0.3.0", "zod": "^3.23.8" } }, "sha512-2K1bC04nI2fmgNcvof+yA28IhGlpWn2JKYlPa7To9JTKI45FINCGkQSGiL2nyXlyzDJJ34fZ1aq6/IRFIOIiqg=="],

    "@atproto-labs/fetch": ["@atproto-labs/fetch@0.2.3", "", { "dependencies": { "@atproto-labs/pipe": "0.1.1" } }, "sha512-NZtbJOCbxKUFRFKMpamT38PUQMY0hX0p7TG5AEYOPhZKZEP7dHZ1K2s1aB8MdVH0qxmqX7nQleNrrvLf09Zfdw=="],

    "@atproto-labs/fetch-node": ["@atproto-labs/fetch-node@0.2.0", "", { "dependencies": { "@atproto-labs/fetch": "0.2.3", "@atproto-labs/pipe": "0.1.1", "ipaddr.js": "^2.1.0", "undici": "^6.14.1" } }, "sha512-Krq09nH/aeoiU2s9xdHA0FjTEFWG9B5FFenipv1iRixCcPc7V3DhTNDawxG9gI8Ny0k4dBVS9WTRN/IDzBx86Q=="],

    "@atproto-labs/handle-resolver": ["@atproto-labs/handle-resolver@0.3.6", "", { "dependencies": { "@atproto-labs/simple-store": "0.3.0", "@atproto-labs/simple-store-memory": "0.1.4", "@atproto/did": "0.3.0", "zod": "^3.23.8" } }, "sha512-qnSTXvOBNj1EHhp2qTWSX8MS5q3AwYU5LKlt5fBvSbCjgmTr2j0URHCv+ydrwO55KvsojIkTMgeMOh4YuY4fCA=="],

    "@atproto-labs/handle-resolver-node": ["@atproto-labs/handle-resolver-node@0.1.25", "", { "dependencies": { "@atproto-labs/fetch-node": "0.2.0", "@atproto-labs/handle-resolver": "0.3.6", "@atproto/did": "0.3.0" } }, "sha512-NY9WYM2VLd3IuMGRkkmvGBg8xqVEaK/fitv1vD8SMXqFTekdpjOLCCyv7EFtqVHouzmDcL83VOvWRfHVa8V9Yw=="],

    "@atproto-labs/identity-resolver": ["@atproto-labs/identity-resolver@0.3.6", "", { "dependencies": { "@atproto-labs/did-resolver": "0.2.6", "@atproto-labs/handle-resolver": "0.3.6" } }, "sha512-qoWqBDRobln0NR8L8dQjSp79E0chGkBhibEgxQa2f9WD+JbJdjQ0YvwwO5yeQn05pJoJmAwmI2wyJ45zjU7aWg=="],

    "@atproto-labs/pipe": ["@atproto-labs/pipe@0.1.1", "", {}, "sha512-hdNw2oUs2B6BN1lp+32pF7cp8EMKuIN5Qok2Vvv/aOpG/3tNSJ9YkvfI0k6Zd188LeDDYRUpYpxcoFIcGH/FNg=="],

    "@atproto-labs/simple-store": ["@atproto-labs/simple-store@0.3.0", "", {}, "sha512-nOb6ONKBRJHRlukW1sVawUkBqReLlLx6hT35VS3imaNPwiXDxLnTK7lxw3Lrl9k5yugSBDQAkZAq3MPTEFSUBQ=="],

    "@atproto-labs/simple-store-memory": ["@atproto-labs/simple-store-memory@0.1.4", "", { "dependencies": { "@atproto-labs/simple-store": "0.3.0", "lru-cache": "^10.2.0" } }, "sha512-3mKY4dP8I7yKPFj9VKpYyCRzGJOi5CEpOLPlRhoJyLmgs3J4RzDrjn323Oakjz2Aj2JzRU/AIvWRAZVhpYNJHw=="],

    "@atproto/api": ["@atproto/api@0.18.20", "", { "dependencies": { "@atproto/common-web": "^0.4.15", "@atproto/lexicon": "^0.6.1", "@atproto/syntax": "^0.4.3", "@atproto/xrpc": "^0.7.7", "await-lock": "^2.2.2", "multiformats": "^9.9.0", "tlds": "^1.234.0", "zod": "^3.23.8" } }, "sha512-BZYZkh2VJIFCXEnc/vzKwAwWjAQQTgbNJ8FBxpBK+z+KYh99O0uPCsRYKoCQsRrnkgrhzdU9+g2G+7zanTIGbw=="],

    "@atproto/common-web": ["@atproto/common-web@0.4.16", "", { "dependencies": { "@atproto/lex-data": "^0.0.11", "@atproto/lex-json": "^0.0.11", "@atproto/syntax": "^0.4.3", "zod": "^3.23.8" } }, "sha512-Ufvaff5JgxUyUyTAG0/3o7ltpy3lnZ1DvLjyAnvAf+hHfiK7OMQg+8byr+orN+KP9MtIQaRTsCgYPX+PxMKUoA=="],

    "@atproto/did": ["@atproto/did@0.3.0", "", { "dependencies": { "zod": "^3.23.8" } }, "sha512-raUPzUGegtW/6OxwCmM8bhZvuIMzxG5t9oWsth6Tp91Kb5fTnHV2h/KKNF1C82doeA4BdXCErTyg7ISwLbQkzA=="],

    "@atproto/jwk": ["@atproto/jwk@0.6.0", "", { "dependencies": { "multiformats": "^9.9.0", "zod": "^3.23.8" } }, "sha512-bDoJPvt7TrQVi/rBfBrSSpGykhtIriKxeYCYQTiPRKFfyRhbgpElF0wPXADjIswnbzZdOwbY63az4E/CFVT3Tw=="],

    "@atproto/jwk-jose": ["@atproto/jwk-jose@0.1.11", "", { "dependencies": { "@atproto/jwk": "0.6.0", "jose": "^5.2.0" } }, "sha512-i4Fnr2sTBYmMmHXl7NJh8GrCH+tDQEVWrcDMDnV5DjJfkgT17wIqvojIw9SNbSL4Uf0OtfEv6AgG0A+mgh8b5Q=="],

    "@atproto/jwk-webcrypto": ["@atproto/jwk-webcrypto@0.2.0", "", { "dependencies": { "@atproto/jwk": "0.6.0", "@atproto/jwk-jose": "0.1.11", "zod": "^3.23.8" } }, "sha512-UmgRrrEAkWvxwhlwe30UmDOdTEFidlIzBC7C3cCbeJMcBN1x8B3KH+crXrsTqfWQBG58mXgt8wgSK3Kxs2LhFg=="],

    "@atproto/lex-data": ["@atproto/lex-data@0.0.11", "", { "dependencies": { "multiformats": "^9.9.0", "tslib": "^2.8.1", "uint8arrays": "3.0.0", "unicode-segmenter": "^0.14.0" } }, "sha512-4+KTtHdqwlhiTKA7D4SACea4jprsNpCQsNALW09wsZ6IHhCDGO5tr1cmV+QnLYe3G3mu1E1yXHXbPUHrUUDT/A=="],

    "@atproto/lex-json": ["@atproto/lex-json@0.0.11", "", { "dependencies": { "@atproto/lex-data": "^0.0.11", "tslib": "^2.8.1" } }, "sha512-2IExAoQ4KsR5fyPa1JjIvtR316PvdgRH/l3BVGLBd3cSxM3m5MftIv1B6qZ9HjNiK60SgkWp0mi9574bTNDhBQ=="],

    "@atproto/lexicon": ["@atproto/lexicon@0.6.1", "", { "dependencies": { "@atproto/common-web": "^0.4.13", "@atproto/syntax": "^0.4.3", "iso-datestring-validator": "^2.2.2", "multiformats": "^9.9.0", "zod": "^3.23.8" } }, "sha512-/vI1kVlY50Si+5MXpvOucelnYwb0UJ6Qto5mCp+7Q5C+Jtp+SoSykAPVvjVtTnQUH2vrKOFOwpb3C375vSKzXw=="],

    "@atproto/oauth-client": ["@atproto/oauth-client@0.5.14", "", { "dependencies": { "@atproto-labs/did-resolver": "0.2.6", "@atproto-labs/fetch": "0.2.3", "@atproto-labs/handle-resolver": "0.3.6", "@atproto-labs/identity-resolver": "0.3.6", "@atproto-labs/simple-store": "0.3.0", "@atproto-labs/simple-store-memory": "0.1.4", "@atproto/did": "0.3.0", "@atproto/jwk": "0.6.0", "@atproto/oauth-types": "0.6.2", "@atproto/xrpc": "0.7.7", "core-js": "^3", "multiformats": "^9.9.0", "zod": "^3.23.8" } }, "sha512-sPH+vcdq9maTEAhJI0HzmFcFAMrkCS19np+RUssNkX6kS8Xr3OYr57tvYRCbkcnIyYTfYcxKQgpwHKx3RVEaYw=="],

    "@atproto/oauth-client-node": ["@atproto/oauth-client-node@0.3.16", "", { "dependencies": { "@atproto-labs/did-resolver": "0.2.6", "@atproto-labs/handle-resolver-node": "0.1.25", "@atproto-labs/simple-store": "0.3.0", "@atproto/did": "0.3.0", "@atproto/jwk": "0.6.0", "@atproto/jwk-jose": "0.1.11", "@atproto/jwk-webcrypto": "0.2.0", "@atproto/oauth-client": "0.5.14", "@atproto/oauth-types": "0.6.2" } }, "sha512-2dooMzxAkiQ4MkOAZlEQ3iwbB9SEovrbIKMNuBbVCLQYORVNxe20tMdjs3lvhrzdpzvaHLlQnJJhw5dA9VELFw=="],

    "@atproto/oauth-types": ["@atproto/oauth-types@0.6.2", "", { "dependencies": { "@atproto/did": "0.3.0", "@atproto/jwk": "0.6.0", "zod": "^3.23.8" } }, "sha512-2cuboM4RQBCYR8NQC5uGRkW6KgCgKyq/B5/+tnMmWZYtZGVUQvsUWQHK/ZiMCnVXbcDNtc/RIEJQJDZ8FXMoxg=="],

    "@atproto/syntax": ["@atproto/syntax@0.4.3", "", { "dependencies": { "tslib": "^2.8.1" } }, "sha512-YoZUz40YAJr5nPwvCDWgodEOlt5IftZqPJvA0JDWjuZKD8yXddTwSzXSaKQAzGOpuM+/A3uXRtPzJJqlScc+iA=="],

    "@atproto/xrpc": ["@atproto/xrpc@0.7.7", "", { "dependencies": { "@atproto/lexicon": "^0.6.0", "zod": "^3.23.8" } }, "sha512-K1ZyO/BU8JNtXX5dmPp7b5UrkLMMqpsIa/Lrj5D3Su+j1Xwq1m6QJ2XJ1AgjEjkI1v4Muzm7klianLE6XGxtmA=="],

    "@ipld/dag-cbor": ["@ipld/dag-cbor@9.2.5", "", { "dependencies": { "cborg": "^4.0.0", "multiformats": "^13.1.0" } }, "sha512-84wSr4jv30biui7endhobYhXBQzQE4c/wdoWlFrKcfiwH+ofaPg8fwsM8okX9cOzkkrsAsNdDyH3ou+kiLquwQ=="],

    "@jsonjoy.com/base64": ["@jsonjoy.com/base64@1.1.2", "", { "peerDependencies": { "tslib": "2" } }, "sha512-q6XAnWQDIMA3+FTiOYajoYqySkO+JSat0ytXGSuRdq9uXE7o92gzuQwQM14xaCRlBLGq3v5miDGC4vkVTn54xA=="],

    "@jsonjoy.com/buffers": ["@jsonjoy.com/buffers@17.67.0", "", { "peerDependencies": { "tslib": "2" } }, "sha512-tfExRpYxBvi32vPs9ZHaTjSP4fHAfzSmcahOfNxtvGHcyJel+aibkPlGeBB+7AoC6hL7lXIE++8okecBxx7lcw=="],

    "@jsonjoy.com/codegen": ["@jsonjoy.com/codegen@1.0.0", "", { "peerDependencies": { "tslib": "2" } }, "sha512-E8Oy+08cmCf0EK/NMxpaJZmOxPqM+6iSe2S4nlSBrPZOORoDJILxtbSUEDKQyTamm/BVAhIGllOBNU79/dwf0g=="],

    "@jsonjoy.com/fs-core": ["@jsonjoy.com/fs-core@4.56.10", "", { "dependencies": { "@jsonjoy.com/fs-node-builtins": "4.56.10", "@jsonjoy.com/fs-node-utils": "4.56.10", "thingies": "^2.5.0" }, "peerDependencies": { "tslib": "2" } }, "sha512-PyAEA/3cnHhsGcdY+AmIU+ZPqTuZkDhCXQ2wkXypdLitSpd6d5Ivxhnq4wa2ETRWFVJGabYynBWxIijOswSmOw=="],

    "@jsonjoy.com/fs-fsa": ["@jsonjoy.com/fs-fsa@4.56.10", "", { "dependencies": { "@jsonjoy.com/fs-core": "4.56.10", "@jsonjoy.com/fs-node-builtins": "4.56.10", "@jsonjoy.com/fs-node-utils": "4.56.10", "thingies": "^2.5.0" }, "peerDependencies": { "tslib": "2" } }, "sha512-/FVK63ysNzTPOnCCcPoPHt77TOmachdMS422txM4KhxddLdbW1fIbFMYH0AM0ow/YchCyS5gqEjKLNyv71j/5Q=="],

    "@jsonjoy.com/fs-node": ["@jsonjoy.com/fs-node@4.56.10", "", { "dependencies": { "@jsonjoy.com/fs-core": "4.56.10", "@jsonjoy.com/fs-node-builtins": "4.56.10", "@jsonjoy.com/fs-node-utils": "4.56.10", "@jsonjoy.com/fs-print": "4.56.10", "@jsonjoy.com/fs-snapshot": "4.56.10", "glob-to-regex.js": "^1.0.0", "thingies": "^2.5.0" }, "peerDependencies": { "tslib": "2" } }, "sha512-7R4Gv3tkUdW3dXfXiOkqxkElxKNVdd8BDOWC0/dbERd0pXpPY+s2s1Mino+aTvkGrFPiY+mmVxA7zhskm4Ue4Q=="],

    "@jsonjoy.com/fs-node-builtins": ["@jsonjoy.com/fs-node-builtins@4.56.10", "", { "peerDependencies": { "tslib": "2" } }, "sha512-uUnKz8R0YJyKq5jXpZtkGV9U0pJDt8hmYcLRrPjROheIfjMXsz82kXMgAA/qNg0wrZ1Kv+hrg7azqEZx6XZCVw=="],

    "@jsonjoy.com/fs-node-to-fsa": ["@jsonjoy.com/fs-node-to-fsa@4.56.10", "", { "dependencies": { "@jsonjoy.com/fs-fsa": "4.56.10", "@jsonjoy.com/fs-node-builtins": "4.56.10", "@jsonjoy.com/fs-node-utils": "4.56.10" }, "peerDependencies": { "tslib": "2" } }, "sha512-oH+O6Y4lhn9NyG6aEoFwIBNKZeYy66toP5LJcDOMBgL99BKQMUf/zWJspdRhMdn/3hbzQsZ8EHHsuekbFLGUWw=="],

    "@jsonjoy.com/fs-node-utils": ["@jsonjoy.com/fs-node-utils@4.56.10", "", { "dependencies": { "@jsonjoy.com/fs-node-builtins": "4.56.10" }, "peerDependencies": { "tslib": "2" } }, "sha512-8EuPBgVI2aDPwFdaNQeNpHsyqPi3rr+85tMNG/lHvQLiVjzoZsvxA//Xd8aB567LUhy4QS03ptT+unkD/DIsNg=="],

    "@jsonjoy.com/fs-print": ["@jsonjoy.com/fs-print@4.56.10", "", { "dependencies": { "@jsonjoy.com/fs-node-utils": "4.56.10", "tree-dump": "^1.1.0" }, "peerDependencies": { "tslib": "2" } }, "sha512-JW4fp5mAYepzFsSGrQ48ep8FXxpg4niFWHdF78wDrFGof7F3tKDJln72QFDEn/27M1yHd4v7sKHHVPh78aWcEw=="],

    "@jsonjoy.com/fs-snapshot": ["@jsonjoy.com/fs-snapshot@4.56.10", "", { "dependencies": { "@jsonjoy.com/buffers": "^17.65.0", "@jsonjoy.com/fs-node-utils": "4.56.10", "@jsonjoy.com/json-pack": "^17.65.0", "@jsonjoy.com/util": "^17.65.0" }, "peerDependencies": { "tslib": "2" } }, "sha512-DkR6l5fj7+qj0+fVKm/OOXMGfDFCGXLfyHkORH3DF8hxkpDgIHbhf/DwncBMs2igu/ST7OEkexn1gIqoU6Y+9g=="],

    "@jsonjoy.com/json-pack": ["@jsonjoy.com/json-pack@1.21.0", "", { "dependencies": { "@jsonjoy.com/base64": "^1.1.2", "@jsonjoy.com/buffers": "^1.2.0", "@jsonjoy.com/codegen": "^1.0.0", "@jsonjoy.com/json-pointer": "^1.0.2", "@jsonjoy.com/util": "^1.9.0", "hyperdyperid": "^1.2.0", "thingies": "^2.5.0", "tree-dump": "^1.1.0" }, "peerDependencies": { "tslib": "2" } }, "sha512-+AKG+R2cfZMShzrF2uQw34v3zbeDYUqnQ+jg7ORic3BGtfw9p/+N6RJbq/kkV8JmYZaINknaEQ2m0/f693ZPpg=="],

    "@jsonjoy.com/json-pointer": ["@jsonjoy.com/json-pointer@1.0.2", "", { "dependencies": { "@jsonjoy.com/codegen": "^1.0.0", "@jsonjoy.com/util": "^1.9.0" }, "peerDependencies": { "tslib": "2" } }, "sha512-Fsn6wM2zlDzY1U+v4Nc8bo3bVqgfNTGcn6dMgs6FjrEnt4ZCe60o6ByKRjOGlI2gow0aE/Q41QOigdTqkyK5fg=="],

    "@jsonjoy.com/util": ["@jsonjoy.com/util@1.9.0", "", { "dependencies": { "@jsonjoy.com/buffers": "^1.0.0", "@jsonjoy.com/codegen": "^1.0.0" }, "peerDependencies": { "tslib": "2" } }, "sha512-pLuQo+VPRnN8hfPqUTLTHk126wuYdXVxE6aDmjSeV4NCAgyxWbiOIeNJVtID3h1Vzpoi9m4jXezf73I6LgabgQ=="],

    "@noble/curves": ["@noble/curves@1.9.7", "", { "dependencies": { "@noble/hashes": "1.8.0" } }, "sha512-gbKGcRUYIjA3/zCCNaWDciTMFI0dCkvou3TL8Zmy5Nc7sJ47a0jtOeZoTaMxkuqRo9cRhjOdZJXegxYE5FN/xw=="],

    "@noble/hashes": ["@noble/hashes@1.8.0", "", {}, "sha512-jCs9ldd7NwzpgXDIf6P3+NrHh9/sD6CQdxHyjQI+h/6rDNo88ypBxxz45UDuZHz9r3tNz7N/VInSVoVdtXEI4A=="],

    "abort-controller": ["abort-controller@3.0.0", "", { "dependencies": { "event-target-shim": "^5.0.0" } }, "sha512-h8lQ8tacZYnR3vNQTgibj+tODHI5/+l06Au2Pcriv/Gmet0eaj4TwWH41sO9wnHDiQsEj19q0drzdWdeAHtweg=="],

    "async-lock": ["async-lock@1.4.1", "", {}, "sha512-Az2ZTpuytrtqENulXwO3GGv1Bztugx6TT37NIo7imr/Qo0gsYiGtSdBa2B6fsXhTpVZDNfu1Qn3pk531e3q+nQ=="],

    "available-typed-arrays": ["available-typed-arrays@1.0.7", "", { "dependencies": { "possible-typed-array-names": "^1.0.0" } }, "sha512-wvUjBtSGN7+7SjNpq/9M2Tg350UZD3q62IFZLbRAR1bSMlCo1ZaeW+BJ+D090e4hIIZLBcTDWe4Mh4jvUDajzQ=="],

    "await-lock": ["await-lock@2.2.2", "", {}, "sha512-aDczADvlvTGajTDjcjpJMqRkOF6Qdz3YbPZm/PyW6tKPkx2hlYBzxMhEywM/tU72HrVZjgl5VCdRuMlA7pZ8Gw=="],

    "base-x": ["base-x@5.0.1", "", {}, "sha512-M7uio8Zt++eg3jPj+rHMfCC+IuygQHHCOU+IYsVtik6FWjuYpVt/+MRKcgsAMHh8mMFAwnB+Bs+mTrFiXjMzKg=="],

    "base64-js": ["base64-js@1.5.1", "", {}, "sha512-AKpaYlHn8t4SVbOHCy+b5+KKgvR4vrsD8vbvrbiQJps7fKDTkjkDry6ji0rUJjC0kzbNePLwzxq8iypo41qeWA=="],

    "bs58": ["bs58@6.0.0", "", { "dependencies": { "base-x": "^5.0.0" } }, "sha512-PD0wEnEYg6ijszw/u8s+iI3H17cTymlrwkKhDhPZq+Sokl3AU4htyBFTjAeNAlCCmg0f53g6ih3jATyCKftTfw=="],

    "buffer": ["buffer@6.0.3", "", { "dependencies": { "base64-js": "^1.3.1", "ieee754": "^1.2.1" } }, "sha512-FTiCpNxtwiZZHEZbcbTIcZjERVICn9yq/pDFkTl95/AxzD1naBctN7YO68riM/gLSDY7sdrMby8hofADYuuqOA=="],

    "call-bind": ["call-bind@1.0.8", "", { "dependencies": { "call-bind-apply-helpers": "^1.0.0", "es-define-property": "^1.0.0", "get-intrinsic": "^1.2.4", "set-function-length": "^1.2.2" } }, "sha512-oKlSFMcMwpUg2ednkhQ454wfWiU/ul3CkJe/PEHcTKuiX6RpbehUiFMXu13HalGZxfUwCQzZG747YXBn1im9ww=="],

    "call-bind-apply-helpers": ["call-bind-apply-helpers@1.0.2", "", { "dependencies": { "es-errors": "^1.3.0", "function-bind": "^1.1.2" } }, "sha512-Sp1ablJ0ivDkSzjcaJdxEunN5/XvksFJ2sMBFfq6x0ryhQV/2b/KwFe21cMpmHtPOSij8K99/wSfoEuTObmuMQ=="],

    "call-bound": ["call-bound@1.0.4", "", { "dependencies": { "call-bind-apply-helpers": "^1.0.2", "get-intrinsic": "^1.3.0" } }, "sha512-+ys997U96po4Kx/ABpBCqhA9EuxJaQWDQg7295H4hBphv3IZg0boBKuwYpt4YXp6MZ5AmZQnU/tyMTlRpaSejg=="],

    "cborg": ["cborg@4.5.8", "", { "bin": { "cborg": "lib/bin.js" } }, "sha512-6/viltD51JklRhq4L7jC3zgy6gryuG5xfZ3kzpE+PravtyeQLeQmCYLREhQH7pWENg5pY4Yu/XCd6a7dKScVlw=="],

    "clean-git-ref": ["clean-git-ref@2.0.1", "", {}, "sha512-bLSptAy2P0s6hU4PzuIMKmMJJSE6gLXGH1cntDu7bWJUksvuM+7ReOK61mozULErYvP6a15rnYl0zFDef+pyPw=="],

    "commander": ["commander@13.1.0", "", {}, "sha512-/rFeCpNJQbhSZjGVwO9RFV3xPqbnERS8MmIQzCtD/zl6gpJuV/bMLuN92oG3F7d8oDEHHRrujSXNUr8fpjntKw=="],

    "core-js": ["core-js@3.48.0", "", {}, "sha512-zpEHTy1fjTMZCKLHUZoVeylt9XrzaIN2rbPXEt0k+q7JE5CkCZdo6bNq55bn24a69CH7ErAVLKijxJja4fw+UQ=="],

    "crc-32": ["crc-32@1.2.2", "", { "bin": { "crc32": "bin/crc32.njs" } }, "sha512-ROmzCKrTnOwybPcJApAA6WBWij23HVfGVNKqqrZpuyZOHqK2CwHSvpGuyt/UNNvaIjEd8X5IFGp4Mh+Ie1IHJQ=="],

    "decompress-response": ["decompress-response@6.0.0", "", { "dependencies": { "mimic-response": "^3.1.0" } }, "sha512-aW35yZM6Bb/4oJlZncMH2LCoZtJXTRxES17vE3hoRiowU2kWHaJKFkSBDnDR+cm9J+9QhXmREyIfv0pji9ejCQ=="],

    "define-data-property": ["define-data-property@1.1.4", "", { "dependencies": { "es-define-property": "^1.0.0", "es-errors": "^1.3.0", "gopd": "^1.0.1" } }, "sha512-rBMvIzlpA8v6E+SJZoo++HAYqsLrkg7MSfIinMPFhmkorw7X+dOXVJQs+QT69zGkzMyfDnIMN2Wid1+NbL3T+A=="],

    "diff3": ["diff3@0.0.3", "", {}, "sha512-iSq8ngPOt0K53A6eVr4d5Kn6GNrM2nQZtC740pzIriHtn4pOQ2lyzEXQMBeVcWERN0ye7fhBsk9PbLLQOnUx/g=="],

    "dunder-proto": ["dunder-proto@1.0.1", "", { "dependencies": { "call-bind-apply-helpers": "^1.0.1", "es-errors": "^1.3.0", "gopd": "^1.2.0" } }, "sha512-KIN/nDJBQRcXw0MLVhZE9iQHmG68qAVIBg9CqmUYjmQIhgij9U5MFvrqkUL5FbtyyzZuOeOt0zdeRe4UY7ct+A=="],

    "env-paths": ["env-paths@4.0.0", "", { "dependencies": { "is-safe-filename": "^0.1.0" } }, "sha512-pxP8eL2SwwaTRi/KHYwLYXinDs7gL3jxFcBYmEdYfZmZXbaVDvdppd0XBU8qVz03rDfKZMXg1omHCbsJjZrMsw=="],

    "es-define-property": ["es-define-property@1.0.1", "", {}, "sha512-e3nRfgfUZ4rNGL232gUgX06QNyyez04KdjFrF+LTRoOXmrOgFKDg4BCdsjW8EnT69eqdYGmRpJwiPVYNrCaW3g=="],

    "es-errors": ["es-errors@1.3.0", "", {}, "sha512-Zf5H2Kxt2xjTvbJvP2ZWLEICxA6j+hAmMzIlypy4xcBg1vKVnx89Wy0GbS+kf5cwCVFFzdCFh2XSCFNULS6csw=="],

    "es-object-atoms": ["es-object-atoms@1.1.1", "", { "dependencies": { "es-errors": "^1.3.0" } }, "sha512-FGgH2h8zKNim9ljj7dankFPcICIK9Cp5bm+c2gQSYePhpaG5+esrLODihIorn+Pe6FGJzWhXQotPv73jTaldXA=="],

    "event-target-shim": ["event-target-shim@5.0.1", "", {}, "sha512-i/2XbnSz/uxRCU6+NdVJgKWDTM427+MqYbkQzD321DuCQJUqOuJKIA0IM2+W2xtYHdKOmZ4dR6fExsd4SXL+WQ=="],

    "events": ["events@3.3.0", "", {}, "sha512-mQw+2fkQbALzQ7V0MY0IqdnXNOeTtP4r0lN9z7AAawCXgqea7bDii20AYrIBrFd/Hx0M2Ocz6S111CaFkUcb0Q=="],

    "for-each": ["for-each@0.3.5", "", { "dependencies": { "is-callable": "^1.2.7" } }, "sha512-dKx12eRCVIzqCxFGplyFKJMPvLEWgmNtUrpTiJIR5u97zEhRG8ySrtboPHZXx7daLxQVrl643cTzbab2tkQjxg=="],

    "function-bind": ["function-bind@1.1.2", "", {}, "sha512-7XHNxH7qX9xG5mIwxkhumTox/MIRNcOgDrxWsMt2pAr23WHp6MrRlN7FBSFpCpr+oVO0F744iUgR82nJMfG2SA=="],

    "get-intrinsic": ["get-intrinsic@1.3.0", "", { "dependencies": { "call-bind-apply-helpers": "^1.0.2", "es-define-property": "^1.0.1", "es-errors": "^1.3.0", "es-object-atoms": "^1.1.1", "function-bind": "^1.1.2", "get-proto": "^1.0.1", "gopd": "^1.2.0", "has-symbols": "^1.1.0", "hasown": "^2.0.2", "math-intrinsics": "^1.1.0" } }, "sha512-9fSjSaos/fRIVIp+xSJlE6lfwhES7LNtKaCBIamHsjr2na1BiABJPo0mOjjz8GJDURarmCPGqaiVg5mfjb98CQ=="],

    "get-proto": ["get-proto@1.0.1", "", { "dependencies": { "dunder-proto": "^1.0.1", "es-object-atoms": "^1.0.0" } }, "sha512-sTSfBjoXBp89JvIKIefqw7U2CCebsc74kiY6awiGogKtoSGbgjYE/G/+l9sF3MWFPNc9IcoOC4ODfKHfxFmp0g=="],

    "glob-to-regex.js": ["glob-to-regex.js@1.2.0", "", { "peerDependencies": { "tslib": "2" } }, "sha512-QMwlOQKU/IzqMUOAZWubUOT8Qft+Y0KQWnX9nK3ch0CJg0tTp4TvGZsTfudYKv2NzoQSyPcnA6TYeIQ3jGichQ=="],

    "gopd": ["gopd@1.2.0", "", {}, "sha512-ZUKRh6/kUFoAiTAtTYPZJ3hw9wNxx+BIBOijnlG9PnrJsCcSjs1wyyD6vJpaYtgnzDrKYRSqf3OO6Rfa93xsRg=="],

    "has-property-descriptors": ["has-property-descriptors@1.0.2", "", { "dependencies": { "es-define-property": "^1.0.0" } }, "sha512-55JNKuIW+vq4Ke1BjOTjM2YctQIvCT7GFzHwmfZPGo5wnrgkid0YQtnAleFSqumZm4az3n2BS+erby5ipJdgrg=="],

    "has-symbols": ["has-symbols@1.1.0", "", {}, "sha512-1cDNdwJ2Jaohmb3sg4OmKaMBwuC48sYni5HUw2DvsC8LjGTLK9h+eb1X6RyuOHe4hT0ULCW68iomhjUoKUqlPQ=="],

    "has-tostringtag": ["has-tostringtag@1.0.2", "", { "dependencies": { "has-symbols": "^1.0.3" } }, "sha512-NqADB8VjPFLM2V0VvHUewwwsw0ZWBaIdgo+ieHtK3hasLz4qeCRjYcqfB6AQrBggRKppKF8L52/VqdVsO47Dlw=="],

    "hasown": ["hasown@2.0.2", "", { "dependencies": { "function-bind": "^1.1.2" } }, "sha512-0hJU9SCPvmMzIBdZFqNPXWa6dqh7WdH0cII9y+CyS8rG3nL48Bclra9HmKhVVUHyPWNH5Y7xDwAB7bfgSjkUMQ=="],

    "hyperdyperid": ["hyperdyperid@1.2.0", "", {}, "sha512-Y93lCzHYgGWdrJ66yIktxiaGULYc6oGiABxhcO5AufBeOyoIdZF7bIfLaOrbM0iGIOXQQgxxRrFEnb+Y6w1n4A=="],

    "ieee754": ["ieee754@1.2.1", "", {}, "sha512-dcyqhDvX1C46lXZcVqCpK+FtMRQVdIMN6/Df5js2zouUsqG7I6sFxitIC+7KYK29KdXOLHdu9zL4sFnoVQnqaA=="],

    "ignore": ["ignore@5.3.2", "", {}, "sha512-hsBTNUqQTDwkWtcdYI2i06Y/nUBEsNEDJKjWdigLvegy8kDuJAS8uRlpkkcQpyEXL0Z/pjDy5HBmMjRCJ2gq+g=="],

    "inherits": ["inherits@2.0.4", "", {}, "sha512-k/vGaX4/Yla3WzyMCvTQOXYeIHvqOKtnqBduzTHpzpQZzAskKMhZ2K+EnBiSM9zGSoIFeMpXKxa4dYeZIQqewQ=="],

    "ipaddr.js": ["ipaddr.js@2.3.0", "", {}, "sha512-Zv/pA+ciVFbCSBBjGfaKUya/CcGmUHzTydLMaTwrUUEM2DIEO3iZvueGxmacvmN50fGpGVKeTXpb2LcYQxeVdg=="],

    "is-callable": ["is-callable@1.2.7", "", {}, "sha512-1BC0BVFhS/p0qtw6enp8e+8OD0UrK0oFLztSjNzhcKA3WDuJxxAPXzPuPtKkjEY9UUoEWlX/8fgKeu2S8i9JTA=="],

    "is-safe-filename": ["is-safe-filename@0.1.1", "", {}, "sha512-4SrR7AdnY11LHfDKTZY1u6Ga3RuxZdl3YKWWShO5iyuG5h8QS4GD2tOb04peBJ5I7pXbR+CGBNEhTcwK+FzN3g=="],

    "is-typed-array": ["is-typed-array@1.1.15", "", { "dependencies": { "which-typed-array": "^1.1.16" } }, "sha512-p3EcsicXjit7SaskXHs1hA91QxgTw46Fv6EFKKGS5DRFLD8yKnohjF3hxoju94b/OcMZoQukzpPpBE9uLVKzgQ=="],

    "isarray": ["isarray@2.0.5", "", {}, "sha512-xHjhDr3cNBK0BzdUJSPXZntQUx/mwMS5Rw4A7lPJ90XGAO6ISP/ePDNuo0vhqOZU+UD5JoodwCAAoZQd3FeAKw=="],

    "iso-datestring-validator": ["iso-datestring-validator@2.2.2", "", {}, "sha512-yLEMkBbLZTlVQqOnQ4FiMujR6T4DEcCb1xizmvXS+OxuhwcbtynoosRzdMA69zZCShCNAbi+gJ71FxZBBXx1SA=="],

    "isomorphic-git": ["isomorphic-git@1.37.0", "", { "dependencies": { "async-lock": "^1.4.1", "clean-git-ref": "^2.0.1", "crc-32": "^1.2.0", "diff3": "0.0.3", "ignore": "^5.1.4", "minimisted": "^2.0.0", "pako": "^1.0.10", "pify": "^4.0.1", "readable-stream": "^4.0.0", "sha.js": "^2.4.12", "simple-get": "^4.0.1" }, "bin": { "isogit": "cli.cjs" } }, "sha512-XXdcywuJq8ff2tUQRCfFp+mz8dQTOZonXQ7I9WPgM2dUrhm6+oh5JM+EOrobgq6n+qN3TqgyRBkfgqFf9g7RTg=="],

    "jose": ["jose@5.10.0", "", {}, "sha512-s+3Al/p9g32Iq+oqXxkW//7jk2Vig6FF1CFqzVXoTUXt2qz89YWbL+OwS17NFYEvxC35n0FKeGO2LGYSxeM2Gg=="],

    "lru-cache": ["lru-cache@10.4.3", "", {}, "sha512-JNAzZcXrCt42VGLuYz0zfAzDfAvJWW6AfYlDBQyDV5DClI2m5sAmK+OIO7s59XfsRsWHp02jAJrRadPRGTt6SQ=="],

    "math-intrinsics": ["math-intrinsics@1.1.0", "", {}, "sha512-/IXtbwEk5HTPyEwyKX6hGkYXxM9nbj64B+ilVJnC/R6B0pH5G4V3b0pVbL7DBj4tkhBAppbQUlf6F6Xl9LHu1g=="],

    "memfs": ["memfs@4.56.10", "", { "dependencies": { "@jsonjoy.com/fs-core": "4.56.10", "@jsonjoy.com/fs-fsa": "4.56.10", "@jsonjoy.com/fs-node": "4.56.10", "@jsonjoy.com/fs-node-builtins": "4.56.10", "@jsonjoy.com/fs-node-to-fsa": "4.56.10", "@jsonjoy.com/fs-node-utils": "4.56.10", "@jsonjoy.com/fs-print": "4.56.10", "@jsonjoy.com/fs-snapshot": "4.56.10", "@jsonjoy.com/json-pack": "^1.11.0", "@jsonjoy.com/util": "^1.9.0", "glob-to-regex.js": "^1.0.1", "thingies": "^2.5.0", "tree-dump": "^1.0.3", "tslib": "^2.0.0" } }, "sha512-eLvzyrwqLHnLYalJP7YZ3wBe79MXktMdfQbvMrVD80K+NhrIukCVBvgP30zTJYEEDh9hZ/ep9z0KOdD7FSHo7w=="],

    "mimic-response": ["mimic-response@3.1.0", "", {}, "sha512-z0yWI+4FDrrweS8Zmt4Ej5HdJmky15+L2e6Wgn3+iK5fWzb6T3fhNFq2+MeTRb064c6Wr4N/wv0DzQTjNzHNGQ=="],

    "minimist": ["minimist@1.2.8", "", {}, "sha512-2yyAR8qBkN3YuheJanUpWC5U3bb5osDywNB8RzDVlDwDHbocAJveqqj1u8+SVD7jkWT4yvsHCpWqqWqAxb0zCA=="],

    "minimisted": ["minimisted@2.0.1", "", { "dependencies": { "minimist": "^1.2.5" } }, "sha512-1oPjfuLQa2caorJUM8HV8lGgWCc0qqAO1MNv/k05G4qslmsndV/5WdNZrqCiyqiz3wohia2Ij2B7w2Dr7/IyrA=="],

    "multiformats": ["multiformats@9.9.0", "", {}, "sha512-HoMUjhH9T8DDBNT+6xzkrd9ga/XiBI4xLr58LJACwK6G3HTOPeMz4nB4KJs33L2BelrIJa7P0VuNaVF3hMYfjg=="],

    "once": ["once@1.4.0", "", { "dependencies": { "wrappy": "1" } }, "sha512-lNaJgI+2Q5URQBkccEKHTQOPaXdUxnZZElQTZY0MFUAuaEqe1E+Nyvgdz/aIyNi6Z9MzO5dv1H8n58/GELp3+w=="],

    "pako": ["pako@1.0.11", "", {}, "sha512-4hLB8Py4zZce5s4yd9XzopqwVv/yGNhV1Bl8NTmCq1763HeK2+EwVTv+leGeL13Dnh2wfbqowVPXCIO0z4taYw=="],

    "pify": ["pify@4.0.1", "", {}, "sha512-uB80kBFb/tfd68bVleG9T5GGsGPjJrLAUpR5PZIrhBnIaRTQRjqdJSsIKkOP6OAIFbj7GOrcudc5pNjZ+geV2g=="],

    "possible-typed-array-names": ["possible-typed-array-names@1.1.0", "", {}, "sha512-/+5VFTchJDoVj3bhoqi6UeymcD00DAwb1nJwamzPvHEszJ4FpF6SNNbUbOS8yI56qHzdV8eK0qEfOSiodkTdxg=="],

    "process": ["process@0.11.10", "", {}, "sha512-cdGef/drWFoydD1JsMzuFf8100nZl+GT+yacc2bEced5f9Rjk4z+WtFUTBu9PhOi9j/jfmBPu0mMEY4wIdAF8A=="],

    "readable-stream": ["readable-stream@4.7.0", "", { "dependencies": { "abort-controller": "^3.0.0", "buffer": "^6.0.3", "events": "^3.3.0", "process": "^0.11.10", "string_decoder": "^1.3.0" } }, "sha512-oIGGmcpTLwPga8Bn6/Z75SVaH1z5dUut2ibSyAMVhmUggWpmDn2dapB0n7f8nwaSiRtepAsfJyfXIO5DCVAODg=="],

    "safe-buffer": ["safe-buffer@5.2.1", "", {}, "sha512-rp3So07KcdmmKbGvgaNxQSJr7bGVSVk5S9Eq1F+ppbRo70+YeaDxkw5Dd8NPN+GD6bjnYm2VuPuCXmpuYvmCXQ=="],

    "set-function-length": ["set-function-length@1.2.2", "", { "dependencies": { "define-data-property": "^1.1.4", "es-errors": "^1.3.0", "function-bind": "^1.1.2", "get-intrinsic": "^1.2.4", "gopd": "^1.0.1", "has-property-descriptors": "^1.0.2" } }, "sha512-pgRc4hJ4/sNjWCSS9AmnS40x3bNMDTknHgL5UaMBTMyJnU90EgWh1Rz+MC9eFu4BuN/UwZjKQuY/1v3rM7HMfg=="],

    "sha.js": ["sha.js@2.4.12", "", { "dependencies": { "inherits": "^2.0.4", "safe-buffer": "^5.2.1", "to-buffer": "^1.2.0" }, "bin": { "sha.js": "bin.js" } }, "sha512-8LzC5+bvI45BjpfXU8V5fdU2mfeKiQe1D1gIMn7XUlF3OTUrpdJpPPH4EMAnF0DsHHdSZqCdSss5qCmJKuiO3w=="],

    "simple-concat": ["simple-concat@1.0.1", "", {}, "sha512-cSFtAPtRhljv69IK0hTVZQ+OfE9nePi/rtJmw5UjHeVyVroEqJXP1sFztKUy1qU+xvz3u/sfYJLa947b7nAN2Q=="],

    "simple-get": ["simple-get@4.0.1", "", { "dependencies": { "decompress-response": "^6.0.0", "once": "^1.3.1", "simple-concat": "^1.0.0" } }, "sha512-brv7p5WgH0jmQJr1ZDDfKDOSeWWg+OVypG99A/5vYGPqJ6pxiaHLy8nxtFjBA7oMa01ebA9gfh1uMCFqOuXxvA=="],

    "string_decoder": ["string_decoder@1.3.0", "", { "dependencies": { "safe-buffer": "~5.2.0" } }, "sha512-hkRX8U1WjJFd8LsDJ2yQ/wWWxaopEsABU1XfkM8A+j0+85JAGppt16cr1Whg6KIbb4okU6Mql6BOj+uup/wKeA=="],

    "thingies": ["thingies@2.5.0", "", { "peerDependencies": { "tslib": "^2" } }, "sha512-s+2Bwztg6PhWUD7XMfeYm5qliDdSiZm7M7n8KjTkIsm3l/2lgVRc2/Gx/v+ZX8lT4FMA+i8aQvhcWylldc+ZNw=="],

    "tlds": ["tlds@1.261.0", "", { "bin": { "tlds": "bin.js" } }, "sha512-QXqwfEl9ddlGBaRFXIvNKK6OhipSiLXuRuLJX5DErz0o0Q0rYxulWLdFryTkV5PkdZct5iMInwYEGe/eR++1AA=="],

    "to-buffer": ["to-buffer@1.2.2", "", { "dependencies": { "isarray": "^2.0.5", "safe-buffer": "^5.2.1", "typed-array-buffer": "^1.0.3" } }, "sha512-db0E3UJjcFhpDhAF4tLo03oli3pwl3dbnzXOUIlRKrp+ldk/VUxzpWYZENsw2SZiuBjHAk7DfB0VU7NKdpb6sw=="],

    "tree-dump": ["tree-dump@1.1.0", "", { "peerDependencies": { "tslib": "2" } }, "sha512-rMuvhU4MCDbcbnleZTFezWsaZXRFemSqAM+7jPnzUl1fo9w3YEKOxAeui0fz3OI4EU4hf23iyA7uQRVko+UaBA=="],

    "tslib": ["tslib@2.8.1", "", {}, "sha512-oJFu94HQb+KVduSUQL7wnpmqnfmLsOA/nAh6b6EH0wCEoK0/mPeXU6c3wKDV83MkOuHPRHtSXKKU99IBazS/2w=="],

    "typed-array-buffer": ["typed-array-buffer@1.0.3", "", { "dependencies": { "call-bound": "^1.0.3", "es-errors": "^1.3.0", "is-typed-array": "^1.1.14" } }, "sha512-nAYYwfY3qnzX30IkA6AQZjVbtK6duGontcQm1WSG1MD94YLqK0515GNApXkoxKOWMusVssAHWLh9SeaoefYFGw=="],

    "uint8arrays": ["uint8arrays@3.0.0", "", { "dependencies": { "multiformats": "^9.4.2" } }, "sha512-HRCx0q6O9Bfbp+HHSfQQKD7wU70+lydKVt4EghkdOvlK/NlrF90z+eXV34mUd48rNvVJXwkrMSPpCATkct8fJA=="],

    "undici": ["undici@6.23.0", "", {}, "sha512-VfQPToRA5FZs/qJxLIinmU59u0r7LXqoJkCzinq3ckNJp3vKEh7jTWN589YQ5+aoAC/TGRLyJLCPKcLQbM8r9g=="],

    "unicode-segmenter": ["unicode-segmenter@0.14.5", "", {}, "sha512-jHGmj2LUuqDcX3hqY12Ql+uhUTn8huuxNZGq7GvtF6bSybzH3aFgedYu/KTzQStEgt1Ra2F3HxadNXsNjb3m3g=="],

    "which-typed-array": ["which-typed-array@1.1.20", "", { "dependencies": { "available-typed-arrays": "^1.0.7", "call-bind": "^1.0.8", "call-bound": "^1.0.4", "for-each": "^0.3.5", "get-proto": "^1.0.1", "gopd": "^1.2.0", "has-tostringtag": "^1.0.2" } }, "sha512-LYfpUkmqwl0h9A2HL09Mms427Q1RZWuOHsukfVcKRq9q95iQxdw0ix1JQrqbcDR9PH1QDwf5Qo8OZb5lksZ8Xg=="],

    "wrappy": ["wrappy@1.0.2", "", {}, "sha512-l4Sp/DRseor9wL6EvV2+TuQn63dMkPjZ/sp9XkghTEbV9KlPS1xUsZ3u7/IQO4wxtcFB4bgpQPRcR3QCvezPcQ=="],

    "zod": ["zod@3.25.76", "", {}, "sha512-gzUt/qt81nXsFGKIFcC3YnfEAx5NkunCfnDlvuBSSFS02bcXu4Lmea0AFIUwbLWxWPx3d9p8S5QoaujKcNQxcQ=="],

    "@ipld/dag-cbor/multiformats": ["multiformats@13.4.2", "", {}, "sha512-eh6eHCrRi1+POZ3dA+Dq1C6jhP1GNtr9CRINMb67OKzqW9I5DUuZM/3jLPlzhgpGeiNUlEGEbkCYChXMCc/8DQ=="],

    "@jsonjoy.com/fs-snapshot/@jsonjoy.com/json-pack": ["@jsonjoy.com/json-pack@17.67.0", "", { "dependencies": { "@jsonjoy.com/base64": "17.67.0", "@jsonjoy.com/buffers": "17.67.0", "@jsonjoy.com/codegen": "17.67.0", "@jsonjoy.com/json-pointer": "17.67.0", "@jsonjoy.com/util": "17.67.0", "hyperdyperid": "^1.2.0", "thingies": "^2.5.0", "tree-dump": "^1.1.0" }, "peerDependencies": { "tslib": "2" } }, "sha512-t0ejURcGaZsn1ClbJ/3kFqSOjlryd92eQY465IYrezsXmPcfHPE/av4twRSxf6WE+TkZgLY+71vCZbiIiFKA/w=="],

    "@jsonjoy.com/fs-snapshot/@jsonjoy.com/util": ["@jsonjoy.com/util@17.67.0", "", { "dependencies": { "@jsonjoy.com/buffers": "17.67.0", "@jsonjoy.com/codegen": "17.67.0" }, "peerDependencies": { "tslib": "2" } }, "sha512-6+8xBaz1rLSohlGh68D1pdw3AwDi9xydm8QNlAFkvnavCJYSze+pxoW2VKP8p308jtlMRLs5NTHfPlZLd4w7ew=="],

    "@jsonjoy.com/json-pack/@jsonjoy.com/buffers": ["@jsonjoy.com/buffers@1.2.1", "", { "peerDependencies": { "tslib": "2" } }, "sha512-12cdlDwX4RUM3QxmUbVJWqZ/mrK6dFQH4Zxq6+r1YXKXYBNgZXndx2qbCJwh3+WWkCSn67IjnlG3XYTvmvYtgA=="],

    "@jsonjoy.com/util/@jsonjoy.com/buffers": ["@jsonjoy.com/buffers@1.2.1", "", { "peerDependencies": { "tslib": "2" } }, "sha512-12cdlDwX4RUM3QxmUbVJWqZ/mrK6dFQH4Zxq6+r1YXKXYBNgZXndx2qbCJwh3+WWkCSn67IjnlG3XYTvmvYtgA=="],

    "@jsonjoy.com/fs-snapshot/@jsonjoy.com/json-pack/@jsonjoy.com/base64": ["@jsonjoy.com/base64@17.67.0", "", { "peerDependencies": { "tslib": "2" } }, "sha512-5SEsJGsm15aP8TQGkDfJvz9axgPwAEm98S5DxOuYe8e1EbfajcDmgeXXzccEjh+mLnjqEKrkBdjHWS5vFNwDdw=="],

    "@jsonjoy.com/fs-snapshot/@jsonjoy.com/json-pack/@jsonjoy.com/codegen": ["@jsonjoy.com/codegen@17.67.0", "", { "peerDependencies": { "tslib": "2" } }, "sha512-idnkUplROpdBOV0HMcwhsCUS5TRUi9poagdGs70A6S4ux9+/aPuKbh8+UYRTLYQHtXvAdNfQWXDqZEx5k4Dj2Q=="],

    "@jsonjoy.com/fs-snapshot/@jsonjoy.com/json-pack/@jsonjoy.com/json-pointer": ["@jsonjoy.com/json-pointer@17.67.0", "", { "dependencies": { "@jsonjoy.com/util": "17.67.0" }, "peerDependencies": { "tslib": "2" } }, "sha512-+iqOFInH+QZGmSuaybBUNdh7yvNrXvqR+h3wjXm0N/3JK1EyyFAeGJvqnmQL61d1ARLlk/wJdFKSL+LHJ1eaUA=="],

    "@jsonjoy.com/fs-snapshot/@jsonjoy.com/util/@jsonjoy.com/codegen": ["@jsonjoy.com/codegen@17.67.0", "", { "peerDependencies": { "tslib": "2" } }, "sha512-idnkUplROpdBOV0HMcwhsCUS5TRUi9poagdGs70A6S4ux9+/aPuKbh8+UYRTLYQHtXvAdNfQWXDqZEx5k4Dj2Q=="],
  }
}
