{
  "name": "vit",
  "version": "0.1.2",
  "lockfileVersion": 3,
  "requires": true,
  "packages": {
    "": {
      "name": "vit",
      "version": "0.1.2",
      "license": "MIT",
      "dependencies": {
        "@atproto/api": "^0.18.20",
        "@atproto/common-web": "^0.4.16",
        "@atproto/oauth-client-node": "^0.3.16",
        "@ipld/dag-cbor": "^9.2.0",
        "@noble/curves": "^1.8.0",
        "@noble/hashes": "^1.7.0",
        "@scure/bip39": "2.0.1",
        "bs58": "^6.0.0",
        "commander": "^13.0.0",
        "env-paths": "4.0.0",
        "isomorphic-git": "1.37.0",
        "memfs": "4.56.10"
      },
      "bin": {
        "vit": "bin/vit.js"
      },
      "devDependencies": {
        "marked": "^17.0.4"
      },
      "engines": {
        "node": ">=20.0.0"
      }
    },
    "node_modules/@atproto-labs/did-resolver": {
      "version": "0.2.6",
      "license": "MIT",
      "dependencies": {
        "@atproto-labs/fetch": "0.2.3",
        "@atproto-labs/pipe": "0.1.1",
        "@atproto-labs/simple-store": "0.3.0",
        "@atproto-labs/simple-store-memory": "0.1.4",
        "@atproto/did": "0.3.0",
        "zod": "^3.23.8"
      }
    },
    "node_modules/@atproto-labs/fetch": {
      "version": "0.2.3",
      "license": "MIT",
      "dependencies": {
        "@atproto-labs/pipe": "0.1.1"
      }
    },
    "node_modules/@atproto-labs/fetch-node": {
      "version": "0.2.0",
      "license": "MIT",
      "dependencies": {
        "@atproto-labs/fetch": "0.2.3",
        "@atproto-labs/pipe": "0.1.1",
        "ipaddr.js": "^2.1.0",
        "undici": "^6.14.1"
      },
      "engines": {
        "node": ">=18.7.0"
      }
    },
    "node_modules/@atproto-labs/handle-resolver": {
      "version": "0.3.6",
      "license": "MIT",
      "dependencies": {
        "@atproto-labs/simple-store": "0.3.0",
        "@atproto-labs/simple-store-memory": "0.1.4",
        "@atproto/did": "0.3.0",
        "zod": "^3.23.8"
      }
    },
    "node_modules/@atproto-labs/handle-resolver-node": {
      "version": "0.1.25",
      "license": "MIT",
      "dependencies": {
        "@atproto-labs/fetch-node": "0.2.0",
        "@atproto-labs/handle-resolver": "0.3.6",
        "@atproto/did": "0.3.0"
      },
      "engines": {
        "node": ">=18.7.0"
      }
    },
    "node_modules/@atproto-labs/identity-resolver": {
      "version": "0.3.6",
      "license": "MIT",
      "dependencies": {
        "@atproto-labs/did-resolver": "0.2.6",
        "@atproto-labs/handle-resolver": "0.3.6"
      }
    },
    "node_modules/@atproto-labs/pipe": {
      "version": "0.1.1",
      "license": "MIT"
    },
    "node_modules/@atproto-labs/simple-store": {
      "version": "0.3.0",
      "license": "MIT"
    },
    "node_modules/@atproto-labs/simple-store-memory": {
      "version": "0.1.4",
      "license": "MIT",
      "dependencies": {
        "@atproto-labs/simple-store": "0.3.0",
        "lru-cache": "^10.2.0"
      }
    },
    "node_modules/@atproto/api": {
      "version": "0.18.20",
      "license": "MIT",
      "dependencies": {
        "@atproto/common-web": "^0.4.15",
        "@atproto/lexicon": "^0.6.1",
        "@atproto/syntax": "^0.4.3",
        "@atproto/xrpc": "^0.7.7",
        "await-lock": "^2.2.2",
        "multiformats": "^9.9.0",
        "tlds": "^1.234.0",
        "zod": "^3.23.8"
      }
    },
    "node_modules/@atproto/common-web": {
      "version": "0.4.16",
      "license": "MIT",
      "dependencies": {
        "@atproto/lex-data": "^0.0.11",
        "@atproto/lex-json": "^0.0.11",
        "@atproto/syntax": "^0.4.3",
        "zod": "^3.23.8"
      }
    },
    "node_modules/@atproto/did": {
      "version": "0.3.0",
      "license": "MIT",
      "dependencies": {
        "zod": "^3.23.8"
      }
    },
    "node_modules/@atproto/jwk": {
      "version": "0.6.0",
      "license": "MIT",
      "dependencies": {
        "multiformats": "^9.9.0",
        "zod": "^3.23.8"
      }
    },
    "node_modules/@atproto/jwk-jose": {
      "version": "0.1.11",
      "license": "MIT",
      "dependencies": {
        "@atproto/jwk": "0.6.0",
        "jose": "^5.2.0"
      }
    },
    "node_modules/@atproto/jwk-webcrypto": {
      "version": "0.2.0",
      "license": "MIT",
      "dependencies": {
        "@atproto/jwk": "0.6.0",
        "@atproto/jwk-jose": "0.1.11",
        "zod": "^3.23.8"
      }
    },
    "node_modules/@atproto/jwk/node_modules/multiformats": {
      "version": "9.9.0",
      "license": "(Apache-2.0 AND MIT)"
    },
    "node_modules/@atproto/lex-data": {
      "version": "0.0.11",
      "license": "MIT",
      "dependencies": {
        "multiformats": "^9.9.0",
        "tslib": "^2.8.1",
        "uint8arrays": "3.0.0",
        "unicode-segmenter": "^0.14.0"
      }
    },
    "node_modules/@atproto/lex-data/node_modules/multiformats": {
      "version": "9.9.0",
      "license": "(Apache-2.0 AND MIT)"
    },
    "node_modules/@atproto/lex-json": {
      "version": "0.0.11",
      "license": "MIT",
      "dependencies": {
        "@atproto/lex-data": "^0.0.11",
        "tslib": "^2.8.1"
      }
    },
    "node_modules/@atproto/lexicon": {
      "version": "0.6.1",
      "license": "MIT",
      "dependencies": {
        "@atproto/common-web": "^0.4.13",
        "@atproto/syntax": "^0.4.3",
        "iso-datestring-validator": "^2.2.2",
        "multiformats": "^9.9.0",
        "zod": "^3.23.8"
      }
    },
    "node_modules/@atproto/lexicon/node_modules/multiformats": {
      "version": "9.9.0",
      "license": "(Apache-2.0 AND MIT)"
    },
    "node_modules/@atproto/oauth-client": {
      "version": "0.5.14",
      "license": "MIT",
      "dependencies": {
        "@atproto-labs/did-resolver": "0.2.6",
        "@atproto-labs/fetch": "0.2.3",
        "@atproto-labs/handle-resolver": "0.3.6",
        "@atproto-labs/identity-resolver": "0.3.6",
        "@atproto-labs/simple-store": "0.3.0",
        "@atproto-labs/simple-store-memory": "0.1.4",
        "@atproto/did": "0.3.0",
        "@atproto/jwk": "0.6.0",
        "@atproto/oauth-types": "0.6.2",
        "@atproto/xrpc": "0.7.7",
        "core-js": "^3",
        "multiformats": "^9.9.0",
        "zod": "^3.23.8"
      }
    },
    "node_modules/@atproto/oauth-client-node": {
      "version": "0.3.16",
      "license": "MIT",
      "dependencies": {
        "@atproto-labs/did-resolver": "0.2.6",
        "@atproto-labs/handle-resolver-node": "0.1.25",
        "@atproto-labs/simple-store": "0.3.0",
        "@atproto/did": "0.3.0",
        "@atproto/jwk": "0.6.0",
        "@atproto/jwk-jose": "0.1.11",
        "@atproto/jwk-webcrypto": "0.2.0",
        "@atproto/oauth-client": "0.5.14",
        "@atproto/oauth-types": "0.6.2"
      },
      "engines": {
        "node": ">=18.7.0"
      }
    },
    "node_modules/@atproto/oauth-client/node_modules/multiformats": {
      "version": "9.9.0",
      "license": "(Apache-2.0 AND MIT)"
    },
    "node_modules/@atproto/oauth-types": {
      "version": "0.6.2",
      "license": "MIT",
      "dependencies": {
        "@atproto/did": "0.3.0",
        "@atproto/jwk": "0.6.0",
        "zod": "^3.23.8"
      }
    },
    "node_modules/@atproto/syntax": {
      "version": "0.4.3",
      "license": "MIT",
      "dependencies": {
        "tslib": "^2.8.1"
      }
    },
    "node_modules/@atproto/xrpc": {
      "version": "0.7.7",
      "license": "MIT",
      "dependencies": {
        "@atproto/lexicon": "^0.6.0",
        "zod": "^3.23.8"
      }
    },
    "node_modules/@ipld/dag-cbor": {
      "version": "9.2.5",
      "license": "Apache-2.0 OR MIT",
      "dependencies": {
        "cborg": "^4.0.0",
        "multiformats": "^13.1.0"
      },
      "engines": {
        "node": ">=16.0.0",
        "npm": ">=7.0.0"
      }
    },
    "node_modules/@ipld/dag-cbor/node_modules/multiformats": {
      "version": "13.4.2",
      "license": "Apache-2.0 OR MIT"
    },
    "node_modules/@jsonjoy.com/base64": {
      "version": "1.1.2",
      "license": "Apache-2.0",
      "engines": {
        "node": ">=10.0"
      },
      "funding": {
        "type": "github",
        "url": "https://github.com/sponsors/streamich"
      },
      "peerDependencies": {
        "tslib": "2"
      }
    },
    "node_modules/@jsonjoy.com/buffers": {
      "version": "17.67.0",
      "license": "Apache-2.0",
      "engines": {
        "node": ">=10.0"
      },
      "funding": {
        "type": "github",
        "url": "https://github.com/sponsors/streamich"
      },
      "peerDependencies": {
        "tslib": "2"
      }
    },
    "node_modules/@jsonjoy.com/codegen": {
      "version": "1.0.0",
      "license": "Apache-2.0",
      "engines": {
        "node": ">=10.0"
      },
      "funding": {
        "type": "github",
        "url": "https://github.com/sponsors/streamich"
      },
      "peerDependencies": {
        "tslib": "2"
      }
    },
    "node_modules/@jsonjoy.com/fs-core": {
      "version": "4.56.10",
      "license": "Apache-2.0",
      "dependencies": {
        "@jsonjoy.com/fs-node-builtins": "4.56.10",
        "@jsonjoy.com/fs-node-utils": "4.56.10",
        "thingies": "^2.5.0"
      },
      "engines": {
        "node": ">=10.0"
      },
      "funding": {
        "type": "github",
        "url": "https://github.com/sponsors/streamich"
      },
      "peerDependencies": {
        "tslib": "2"
      }
    },
    "node_modules/@jsonjoy.com/fs-fsa": {
      "version": "4.56.10",
      "license": "Apache-2.0",
      "dependencies": {
        "@jsonjoy.com/fs-core": "4.56.10",
        "@jsonjoy.com/fs-node-builtins": "4.56.10",
        "@jsonjoy.com/fs-node-utils": "4.56.10",
        "thingies": "^2.5.0"
      },
      "engines": {
        "node": ">=10.0"
      },
      "funding": {
        "type": "github",
        "url": "https://github.com/sponsors/streamich"
      },
      "peerDependencies": {
        "tslib": "2"
      }
    },
    "node_modules/@jsonjoy.com/fs-node": {
      "version": "4.56.10",
      "license": "Apache-2.0",
      "dependencies": {
        "@jsonjoy.com/fs-core": "4.56.10",
        "@jsonjoy.com/fs-node-builtins": "4.56.10",
        "@jsonjoy.com/fs-node-utils": "4.56.10",
        "@jsonjoy.com/fs-print": "4.56.10",
        "@jsonjoy.com/fs-snapshot": "4.56.10",
        "glob-to-regex.js": "^1.0.0",
        "thingies": "^2.5.0"
      },
      "engines": {
        "node": ">=10.0"
      },
      "funding": {
        "type": "github",
        "url": "https://github.com/sponsors/streamich"
      },
      "peerDependencies": {
        "tslib": "2"
      }
    },
    "node_modules/@jsonjoy.com/fs-node-builtins": {
      "version": "4.56.10",
      "license": "Apache-2.0",
      "engines": {
        "node": ">=10.0"
      },
      "funding": {
        "type": "github",
        "url": "https://github.com/sponsors/streamich"
      },
      "peerDependencies": {
        "tslib": "2"
      }
    },
    "node_modules/@jsonjoy.com/fs-node-to-fsa": {
      "version": "4.56.10",
      "license": "Apache-2.0",
      "dependencies": {
        "@jsonjoy.com/fs-fsa": "4.56.10",
        "@jsonjoy.com/fs-node-builtins": "4.56.10",
        "@jsonjoy.com/fs-node-utils": "4.56.10"
      },
      "engines": {
        "node": ">=10.0"
      },
      "funding": {
        "type": "github",
        "url": "https://github.com/sponsors/streamich"
      },
      "peerDependencies": {
        "tslib": "2"
      }
    },
    "node_modules/@jsonjoy.com/fs-node-utils": {
      "version": "4.56.10",
      "license": "Apache-2.0",
      "dependencies": {
        "@jsonjoy.com/fs-node-builtins": "4.56.10"
      },
      "engines": {
        "node": ">=10.0"
      },
      "funding": {
        "type": "github",
        "url": "https://github.com/sponsors/streamich"
      },
      "peerDependencies": {
        "tslib": "2"
      }
    },
    "node_modules/@jsonjoy.com/fs-print": {
      "version": "4.56.10",
      "license": "Apache-2.0",
      "dependencies": {
        "@jsonjoy.com/fs-node-utils": "4.56.10",
        "tree-dump": "^1.1.0"
      },
      "engines": {
        "node": ">=10.0"
      },
      "funding": {
        "type": "github",
        "url": "https://github.com/sponsors/streamich"
      },
      "peerDependencies": {
        "tslib": "2"
      }
    },
    "node_modules/@jsonjoy.com/fs-snapshot": {
      "version": "4.56.10",
      "license": "Apache-2.0",
      "dependencies": {
        "@jsonjoy.com/buffers": "^17.65.0",
        "@jsonjoy.com/fs-node-utils": "4.56.10",
        "@jsonjoy.com/json-pack": "^17.65.0",
        "@jsonjoy.com/util": "^17.65.0"
      },
      "engines": {
        "node": ">=10.0"
      },
      "funding": {
        "type": "github",
        "url": "https://github.com/sponsors/streamich"
      },
      "peerDependencies": {
        "tslib": "2"
      }
    },
    "node_modules/@jsonjoy.com/fs-snapshot/node_modules/@jsonjoy.com/json-pack": {
      "version": "17.67.0",
      "license": "Apache-2.0",
      "dependencies": {
        "@jsonjoy.com/base64": "17.67.0",
        "@jsonjoy.com/buffers": "17.67.0",
        "@jsonjoy.com/codegen": "17.67.0",
        "@jsonjoy.com/json-pointer": "17.67.0",
        "@jsonjoy.com/util": "17.67.0",
        "hyperdyperid": "^1.2.0",
        "thingies": "^2.5.0",
        "tree-dump": "^1.1.0"
      },
      "engines": {
        "node": ">=10.0"
      },
      "funding": {
        "type": "github",
        "url": "https://github.com/sponsors/streamich"
      },
      "peerDependencies": {
        "tslib": "2"
      }
    },
    "node_modules/@jsonjoy.com/fs-snapshot/node_modules/@jsonjoy.com/json-pack/node_modules/@jsonjoy.com/base64": {
      "version": "17.67.0",
      "license": "Apache-2.0",
      "engines": {
        "node": ">=10.0"
      },
      "funding": {
        "type": "github",
        "url": "https://github.com/sponsors/streamich"
      },
      "peerDependencies": {
        "tslib": "2"
      }
    },
    "node_modules/@jsonjoy.com/fs-snapshot/node_modules/@jsonjoy.com/json-pack/node_modules/@jsonjoy.com/codegen": {
      "version": "17.67.0",
      "license": "Apache-2.0",
      "engines": {
        "node": ">=10.0"
      },
      "funding": {
        "type": "github",
        "url": "https://github.com/sponsors/streamich"
      },
      "peerDependencies": {
        "tslib": "2"
      }
    },
    "node_modules/@jsonjoy.com/fs-snapshot/node_modules/@jsonjoy.com/json-pack/node_modules/@jsonjoy.com/json-pointer": {
      "version": "17.67.0",
      "license": "Apache-2.0",
      "dependencies": {
        "@jsonjoy.com/util": "17.67.0"
      },
      "engines": {
        "node": ">=10.0"
      },
      "funding": {
        "type": "github",
        "url": "https://github.com/sponsors/streamich"
      },
      "peerDependencies": {
        "tslib": "2"
      }
    },
    "node_modules/@jsonjoy.com/fs-snapshot/node_modules/@jsonjoy.com/util": {
      "version": "17.67.0",
      "license": "Apache-2.0",
      "dependencies": {
        "@jsonjoy.com/buffers": "17.67.0",
        "@jsonjoy.com/codegen": "17.67.0"
      },
      "engines": {
        "node": ">=10.0"
      },
      "funding": {
        "type": "github",
        "url": "https://github.com/sponsors/streamich"
      },
      "peerDependencies": {
        "tslib": "2"
      }
    },
    "node_modules/@jsonjoy.com/fs-snapshot/node_modules/@jsonjoy.com/util/node_modules/@jsonjoy.com/codegen": {
      "version": "17.67.0",
      "license": "Apache-2.0",
      "engines": {
        "node": ">=10.0"
      },
      "funding": {
        "type": "github",
        "url": "https://github.com/sponsors/streamich"
      },
      "peerDependencies": {
        "tslib": "2"
      }
    },
    "node_modules/@jsonjoy.com/json-pack": {
      "version": "1.21.0",
      "license": "Apache-2.0",
      "dependencies": {
        "@jsonjoy.com/base64": "^1.1.2",
        "@jsonjoy.com/buffers": "^1.2.0",
        "@jsonjoy.com/codegen": "^1.0.0",
        "@jsonjoy.com/json-pointer": "^1.0.2",
        "@jsonjoy.com/util": "^1.9.0",
        "hyperdyperid": "^1.2.0",
        "thingies": "^2.5.0",
        "tree-dump": "^1.1.0"
      },
      "engines": {
        "node": ">=10.0"
      },
      "funding": {
        "type": "github",
        "url": "https://github.com/sponsors/streamich"
      },
      "peerDependencies": {
        "tslib": "2"
      }
    },
    "node_modules/@jsonjoy.com/json-pack/node_modules/@jsonjoy.com/buffers": {
      "version": "1.2.1",
      "license": "Apache-2.0",
      "engines": {
        "node": ">=10.0"
      },
      "funding": {
        "type": "github",
        "url": "https://github.com/sponsors/streamich"
      },
      "peerDependencies": {
        "tslib": "2"
      }
    },
    "node_modules/@jsonjoy.com/json-pointer": {
      "version": "1.0.2",
      "license": "Apache-2.0",
      "dependencies": {
        "@jsonjoy.com/codegen": "^1.0.0",
        "@jsonjoy.com/util": "^1.9.0"
      },
      "engines": {
        "node": ">=10.0"
      },
      "funding": {
        "type": "github",
        "url": "https://github.com/sponsors/streamich"
      },
      "peerDependencies": {
        "tslib": "2"
      }
    },
    "node_modules/@jsonjoy.com/util": {
      "version": "1.9.0",
      "license": "Apache-2.0",
      "dependencies": {
        "@jsonjoy.com/buffers": "^1.0.0",
        "@jsonjoy.com/codegen": "^1.0.0"
      },
      "engines": {
        "node": ">=10.0"
      },
      "funding": {
        "type": "github",
        "url": "https://github.com/sponsors/streamich"
      },
      "peerDependencies": {
        "tslib": "2"
      }
    },
    "node_modules/@jsonjoy.com/util/node_modules/@jsonjoy.com/buffers": {
      "version": "1.2.1",
      "license": "Apache-2.0",
      "engines": {
        "node": ">=10.0"
      },
      "funding": {
        "type": "github",
        "url": "https://github.com/sponsors/streamich"
      },
      "peerDependencies": {
        "tslib": "2"
      }
    },
    "node_modules/@noble/curves": {
      "version": "1.9.7",
      "license": "MIT",
      "dependencies": {
        "@noble/hashes": "1.8.0"
      },
      "engines": {
        "node": "^14.21.3 || >=16"
      },
      "funding": {
        "url": "https://paulmillr.com/funding/"
      }
    },
    "node_modules/@noble/hashes": {
      "version": "1.8.0",
      "license": "MIT",
      "engines": {
        "node": "^14.21.3 || >=16"
      },
      "funding": {
        "url": "https://paulmillr.com/funding/"
      }
    },
    "node_modules/@scure/base": {
      "version": "2.0.0",
      "license": "MIT",
      "funding": {
        "url": "https://paulmillr.com/funding/"
      }
    },
    "node_modules/@scure/bip39": {
      "version": "2.0.1",
      "license": "MIT",
      "dependencies": {
        "@noble/hashes": "2.0.1",
        "@scure/base": "2.0.0"
      },
      "funding": {
        "url": "https://paulmillr.com/funding/"
      }
    },
    "node_modules/@scure/bip39/node_modules/@noble/hashes": {
      "version": "2.0.1",
      "license": "MIT",
      "engines": {
        "node": ">= 20.19.0"
      },
      "funding": {
        "url": "https://paulmillr.com/funding/"
      }
    },
    "node_modules/abort-controller": {
      "version": "3.0.0",
      "license": "MIT",
      "dependencies": {
        "event-target-shim": "^5.0.0"
      },
      "engines": {
        "node": ">=6.5"
      }
    },
    "node_modules/async-lock": {
      "version": "1.4.1",
      "license": "MIT"
    },
    "node_modules/available-typed-arrays": {
      "version": "1.0.7",
      "license": "MIT",
      "dependencies": {
        "possible-typed-array-names": "^1.0.0"
      },
      "engines": {
        "node": ">= 0.4"
      },
      "funding": {
        "url": "https://github.com/sponsors/ljharb"
      }
    },
    "node_modules/await-lock": {
      "version": "2.2.2",
      "license": "MIT"
    },
    "node_modules/base-x": {
      "version": "5.0.1",
      "license": "MIT"
    },
    "node_modules/base64-js": {
      "version": "1.5.1",
      "funding": [
        {
          "type": "github",
          "url": "https://github.com/sponsors/feross"
        },
        {
          "type": "patreon",
          "url": "https://www.patreon.com/feross"
        },
        {
          "type": "consulting",
          "url": "https://feross.org/support"
        }
      ],
      "license": "MIT"
    },
    "node_modules/bs58": {
      "version": "6.0.0",
      "license": "MIT",
      "dependencies": {
        "base-x": "^5.0.0"
      }
    },
    "node_modules/buffer": {
      "version": "6.0.3",
      "funding": [
        {
          "type": "github",
          "url": "https://github.com/sponsors/feross"
        },
        {
          "type": "patreon",
          "url": "https://www.patreon.com/feross"
        },
        {
          "type": "consulting",
          "url": "https://feross.org/support"
        }
      ],
      "license": "MIT",
      "dependencies": {
        "base64-js": "^1.3.1",
        "ieee754": "^1.2.1"
      }
    },
    "node_modules/call-bind": {
      "version": "1.0.8",
      "license": "MIT",
      "dependencies": {
        "call-bind-apply-helpers": "^1.0.0",
        "es-define-property": "^1.0.0",
        "get-intrinsic": "^1.2.4",
        "set-function-length": "^1.2.2"
      },
      "engines": {
        "node": ">= 0.4"
      },
      "funding": {
        "url": "https://github.com/sponsors/ljharb"
      }
    },
    "node_modules/call-bind-apply-helpers": {
      "version": "1.0.2",
      "license": "MIT",
      "dependencies": {
        "es-errors": "^1.3.0",
        "function-bind": "^1.1.2"
      },
      "engines": {
        "node": ">= 0.4"
      }
    },
    "node_modules/call-bound": {
      "version": "1.0.4",
      "license": "MIT",
      "dependencies": {
        "call-bind-apply-helpers": "^1.0.2",
        "get-intrinsic": "^1.3.0"
      },
      "engines": {
        "node": ">= 0.4"
      },
      "funding": {
        "url": "https://github.com/sponsors/ljharb"
      }
    },
    "node_modules/cborg": {
      "version": "4.5.8",
      "license": "Apache-2.0",
      "bin": {
        "cborg": "lib/bin.js"
      }
    },
    "node_modules/clean-git-ref": {
      "version": "2.0.1",
      "license": "Apache-2.0"
    },
    "node_modules/commander": {
      "version": "13.1.0",
      "license": "MIT",
      "engines": {
        "node": ">=18"
      }
    },
    "node_modules/core-js": {
      "version": "3.48.0",
      "hasInstallScript": true,
      "license": "MIT",
      "funding": {
        "type": "opencollective",
        "url": "https://opencollective.com/core-js"
      }
    },
    "node_modules/crc-32": {
      "version": "1.2.2",
      "license": "Apache-2.0",
      "bin": {
        "crc32": "bin/crc32.njs"
      },
      "engines": {
        "node": ">=0.8"
      }
    },
    "node_modules/decompress-response": {
      "version": "6.0.0",
      "license": "MIT",
      "dependencies": {
        "mimic-response": "^3.1.0"
      },
      "engines": {
        "node": ">=10"
      },
      "funding": {
        "url": "https://github.com/sponsors/sindresorhus"
      }
    },
    "node_modules/define-data-property": {
      "version": "1.1.4",
      "license": "MIT",
      "dependencies": {
        "es-define-property": "^1.0.0",
        "es-errors": "^1.3.0",
        "gopd": "^1.0.1"
      },
      "engines": {
        "node": ">= 0.4"
      },
      "funding": {
        "url": "https://github.com/sponsors/ljharb"
      }
    },
    "node_modules/diff3": {
      "version": "0.0.3",
      "license": "MIT"
    },
    "node_modules/dunder-proto": {
      "version": "1.0.1",
      "license": "MIT",
      "dependencies": {
        "call-bind-apply-helpers": "^1.0.1",
        "es-errors": "^1.3.0",
        "gopd": "^1.2.0"
      },
      "engines": {
        "node": ">= 0.4"
      }
    },
    "node_modules/env-paths": {
      "version": "4.0.0",
      "license": "MIT",
      "dependencies": {
        "is-safe-filename": "^0.1.0"
      },
      "engines": {
        "node": ">=20"
      },
      "funding": {
        "url": "https://github.com/sponsors/sindresorhus"
      }
    },
    "node_modules/es-define-property": {
      "version": "1.0.1",
      "license": "MIT",
      "engines": {
        "node": ">= 0.4"
      }
    },
    "node_modules/es-errors": {
      "version": "1.3.0",
      "license": "MIT",
      "engines": {
        "node": ">= 0.4"
      }
    },
    "node_modules/es-object-atoms": {
      "version": "1.1.1",
      "license": "MIT",
      "dependencies": {
        "es-errors": "^1.3.0"
      },
      "engines": {
        "node": ">= 0.4"
      }
    },
    "node_modules/event-target-shim": {
      "version": "5.0.1",
      "license": "MIT",
      "engines": {
        "node": ">=6"
      }
    },
    "node_modules/events": {
      "version": "3.3.0",
      "license": "MIT",
      "engines": {
        "node": ">=0.8.x"
      }
    },
    "node_modules/for-each": {
      "version": "0.3.5",
      "license": "MIT",
      "dependencies": {
        "is-callable": "^1.2.7"
      },
      "engines": {
        "node": ">= 0.4"
      },
      "funding": {
        "url": "https://github.com/sponsors/ljharb"
      }
    },
    "node_modules/function-bind": {
      "version": "1.1.2",
      "license": "MIT",
      "funding": {
        "url": "https://github.com/sponsors/ljharb"
      }
    },
    "node_modules/get-intrinsic": {
      "version": "1.3.0",
      "license": "MIT",
      "dependencies": {
        "call-bind-apply-helpers": "^1.0.2",
        "es-define-property": "^1.0.1",
        "es-errors": "^1.3.0",
        "es-object-atoms": "^1.1.1",
        "function-bind": "^1.1.2",
        "get-proto": "^1.0.1",
        "gopd": "^1.2.0",
        "has-symbols": "^1.1.0",
        "hasown": "^2.0.2",
        "math-intrinsics": "^1.1.0"
      },
      "engines": {
        "node": ">= 0.4"
      },
      "funding": {
        "url": "https://github.com/sponsors/ljharb"
      }
    },
    "node_modules/get-proto": {
      "version": "1.0.1",
      "license": "MIT",
      "dependencies": {
        "dunder-proto": "^1.0.1",
        "es-object-atoms": "^1.0.0"
      },
      "engines": {
        "node": ">= 0.4"
      }
    },
    "node_modules/glob-to-regex.js": {
      "version": "1.2.0",
      "license": "Apache-2.0",
      "engines": {
        "node": ">=10.0"
      },
      "funding": {
        "type": "github",
        "url": "https://github.com/sponsors/streamich"
      },
      "peerDependencies": {
        "tslib": "2"
      }
    },
    "node_modules/gopd": {
      "version": "1.2.0",
      "license": "MIT",
      "engines": {
        "node": ">= 0.4"
      },
      "funding": {
        "url": "https://github.com/sponsors/ljharb"
      }
    },
    "node_modules/has-property-descriptors": {
      "version": "1.0.2",
      "license": "MIT",
      "dependencies": {
        "es-define-property": "^1.0.0"
      },
      "funding": {
        "url": "https://github.com/sponsors/ljharb"
      }
    },
    "node_modules/has-symbols": {
      "version": "1.1.0",
      "license": "MIT",
      "engines": {
        "node": ">= 0.4"
      },
      "funding": {
        "url": "https://github.com/sponsors/ljharb"
      }
    },
    "node_modules/has-tostringtag": {
      "version": "1.0.2",
      "license": "MIT",
      "dependencies": {
        "has-symbols": "^1.0.3"
      },
      "engines": {
        "node": ">= 0.4"
      },
      "funding": {
        "url": "https://github.com/sponsors/ljharb"
      }
    },
    "node_modules/hasown": {
      "version": "2.0.2",
      "license": "MIT",
      "dependencies": {
        "function-bind": "^1.1.2"
      },
      "engines": {
        "node": ">= 0.4"
      }
    },
    "node_modules/hyperdyperid": {
      "version": "1.2.0",
      "license": "MIT",
      "engines": {
        "node": ">=10.18"
      }
    },
    "node_modules/ieee754": {
      "version": "1.2.1",
      "funding": [
        {
          "type": "github",
          "url": "https://github.com/sponsors/feross"
        },
        {
          "type": "patreon",
          "url": "https://www.patreon.com/feross"
        },
        {
          "type": "consulting",
          "url": "https://feross.org/support"
        }
      ],
      "license": "BSD-3-Clause"
    },
    "node_modules/ignore": {
      "version": "5.3.2",
      "license": "MIT",
      "engines": {
        "node": ">= 4"
      }
    },
    "node_modules/inherits": {
      "version": "2.0.4",
      "license": "ISC"
    },
    "node_modules/ipaddr.js": {
      "version": "2.3.0",
      "license": "MIT",
      "engines": {
        "node": ">= 10"
      }
    },
    "node_modules/is-callable": {
      "version": "1.2.7",
      "license": "MIT",
      "engines": {
        "node": ">= 0.4"
      },
      "funding": {
        "url": "https://github.com/sponsors/ljharb"
      }
    },
    "node_modules/is-safe-filename": {
      "version": "0.1.1",
      "license": "MIT",
      "engines": {
        "node": ">=20"
      },
      "funding": {
        "url": "https://github.com/sponsors/sindresorhus"
      }
    },
    "node_modules/is-typed-array": {
      "version": "1.1.15",
      "license": "MIT",
      "dependencies": {
        "which-typed-array": "^1.1.16"
      },
      "engines": {
        "node": ">= 0.4"
      },
      "funding": {
        "url": "https://github.com/sponsors/ljharb"
      }
    },
    "node_modules/isarray": {
      "version": "2.0.5",
      "license": "MIT"
    },
    "node_modules/iso-datestring-validator": {
      "version": "2.2.2",
      "license": "MIT"
    },
    "node_modules/isomorphic-git": {
      "version": "1.37.0",
      "license": "MIT",
      "dependencies": {
        "async-lock": "^1.4.1",
        "clean-git-ref": "^2.0.1",
        "crc-32": "^1.2.0",
        "diff3": "0.0.3",
        "ignore": "^5.1.4",
        "minimisted": "^2.0.0",
        "pako": "^1.0.10",
        "pify": "^4.0.1",
        "readable-stream": "^4.0.0",
        "sha.js": "^2.4.12",
        "simple-get": "^4.0.1"
      },
      "bin": {
        "isogit": "cli.cjs"
      },
      "engines": {
        "node": ">=14.17"
      }
    },
    "node_modules/jose": {
      "version": "5.10.0",
      "license": "MIT",
      "funding": {
        "url": "https://github.com/sponsors/panva"
      }
    },
    "node_modules/lru-cache": {
      "version": "10.4.3",
      "license": "ISC"
    },
    "node_modules/marked": {
      "version": "17.0.4",
      "resolved": "https://registry.npmjs.org/marked/-/marked-17.0.4.tgz",
      "integrity": "sha512-NOmVMM+KAokHMvjWmC5N/ZOvgmSWuqJB8FoYI019j4ogb/PeRMKoKIjReZ2w3376kkA8dSJIP8uD993Kxc0iRQ==",
      "dev": true,
      "license": "MIT",
      "bin": {
        "marked": "bin/marked.js"
      },
      "engines": {
        "node": ">= 20"
      }
    },
    "node_modules/math-intrinsics": {
      "version": "1.1.0",
      "license": "MIT",
      "engines": {
        "node": ">= 0.4"
      }
    },
    "node_modules/memfs": {
      "version": "4.56.10",
      "license": "Apache-2.0",
      "dependencies": {
        "@jsonjoy.com/fs-core": "4.56.10",
        "@jsonjoy.com/fs-fsa": "4.56.10",
        "@jsonjoy.com/fs-node": "4.56.10",
        "@jsonjoy.com/fs-node-builtins": "4.56.10",
        "@jsonjoy.com/fs-node-to-fsa": "4.56.10",
        "@jsonjoy.com/fs-node-utils": "4.56.10",
        "@jsonjoy.com/fs-print": "4.56.10",
        "@jsonjoy.com/fs-snapshot": "4.56.10",
        "@jsonjoy.com/json-pack": "^1.11.0",
        "@jsonjoy.com/util": "^1.9.0",
        "glob-to-regex.js": "^1.0.1",
        "thingies": "^2.5.0",
        "tree-dump": "^1.0.3",
        "tslib": "^2.0.0"
      },
      "funding": {
        "type": "github",
        "url": "https://github.com/sponsors/streamich"
      },
      "peerDependencies": {
        "tslib": "2"
      }
    },
    "node_modules/mimic-response": {
      "version": "3.1.0",
      "license": "MIT",
      "engines": {
        "node": ">=10"
      },
      "funding": {
        "url": "https://github.com/sponsors/sindresorhus"
      }
    },
    "node_modules/minimist": {
      "version": "1.2.8",
      "license": "MIT",
      "funding": {
        "url": "https://github.com/sponsors/ljharb"
      }
    },
    "node_modules/minimisted": {
      "version": "2.0.1",
      "license": "MIT",
      "dependencies": {
        "minimist": "^1.2.5"
      }
    },
    "node_modules/multiformats": {
      "version": "9.9.0",
      "license": "(Apache-2.0 AND MIT)"
    },
    "node_modules/once": {
      "version": "1.4.0",
      "license": "ISC",
      "dependencies": {
        "wrappy": "1"
      }
    },
    "node_modules/pako": {
      "version": "1.0.11",
      "license": "(MIT AND Zlib)"
    },
    "node_modules/pify": {
      "version": "4.0.1",
      "license": "MIT",
      "engines": {
        "node": ">=6"
      }
    },
    "node_modules/possible-typed-array-names": {
      "version": "1.1.0",
      "license": "MIT",
      "engines": {
        "node": ">= 0.4"
      }
    },
    "node_modules/process": {
      "version": "0.11.10",
      "license": "MIT",
      "engines": {
        "node": ">= 0.6.0"
      }
    },
    "node_modules/readable-stream": {
      "version": "4.7.0",
      "license": "MIT",
      "dependencies": {
        "abort-controller": "^3.0.0",
        "buffer": "^6.0.3",
        "events": "^3.3.0",
        "process": "^0.11.10",
        "string_decoder": "^1.3.0"
      },
      "engines": {
        "node": "^12.22.0 || ^14.17.0 || >=16.0.0"
      }
    },
    "node_modules/safe-buffer": {
      "version": "5.2.1",
      "funding": [
        {
          "type": "github",
          "url": "https://github.com/sponsors/feross"
        },
        {
          "type": "patreon",
          "url": "https://www.patreon.com/feross"
        },
        {
          "type": "consulting",
          "url": "https://feross.org/support"
        }
      ],
      "license": "MIT"
    },
    "node_modules/set-function-length": {
      "version": "1.2.2",
      "license": "MIT",
      "dependencies": {
        "define-data-property": "^1.1.4",
        "es-errors": "^1.3.0",
        "function-bind": "^1.1.2",
        "get-intrinsic": "^1.2.4",
        "gopd": "^1.0.1",
        "has-property-descriptors": "^1.0.2"
      },
      "engines": {
        "node": ">= 0.4"
      }
    },
    "node_modules/sha.js": {
      "version": "2.4.12",
      "license": "(MIT AND BSD-3-Clause)",
      "dependencies": {
        "inherits": "^2.0.4",
        "safe-buffer": "^5.2.1",
        "to-buffer": "^1.2.0"
      },
      "bin": {
        "sha.js": "bin.js"
      },
      "engines": {
        "node": ">= 0.10"
      },
      "funding": {
        "url": "https://github.com/sponsors/ljharb"
      }
    },
    "node_modules/simple-concat": {
      "version": "1.0.1",
      "funding": [
        {
          "type": "github",
          "url": "https://github.com/sponsors/feross"
        },
        {
          "type": "patreon",
          "url": "https://www.patreon.com/feross"
        },
        {
          "type": "consulting",
          "url": "https://feross.org/support"
        }
      ],
      "license": "MIT"
    },
    "node_modules/simple-get": {
      "version": "4.0.1",
      "funding": [
        {
          "type": "github",
          "url": "https://github.com/sponsors/feross"
        },
        {
          "type": "patreon",
          "url": "https://www.patreon.com/feross"
        },
        {
          "type": "consulting",
          "url": "https://feross.org/support"
        }
      ],
      "license": "MIT",
      "dependencies": {
        "decompress-response": "^6.0.0",
        "once": "^1.3.1",
        "simple-concat": "^1.0.0"
      }
    },
    "node_modules/string_decoder": {
      "version": "1.3.0",
      "license": "MIT",
      "dependencies": {
        "safe-buffer": "~5.2.0"
      }
    },
    "node_modules/thingies": {
      "version": "2.5.0",
      "license": "MIT",
      "engines": {
        "node": ">=10.18"
      },
      "funding": {
        "type": "github",
        "url": "https://github.com/sponsors/streamich"
      },
      "peerDependencies": {
        "tslib": "^2"
      }
    },
    "node_modules/tlds": {
      "version": "1.261.0",
      "license": "MIT",
      "bin": {
        "tlds": "bin.js"
      }
    },
    "node_modules/to-buffer": {
      "version": "1.2.2",
      "license": "MIT",
      "dependencies": {
        "isarray": "^2.0.5",
        "safe-buffer": "^5.2.1",
        "typed-array-buffer": "^1.0.3"
      },
      "engines": {
        "node": ">= 0.4"
      }
    },
    "node_modules/tree-dump": {
      "version": "1.1.0",
      "license": "Apache-2.0",
      "engines": {
        "node": ">=10.0"
      },
      "funding": {
        "type": "github",
        "url": "https://github.com/sponsors/streamich"
      },
      "peerDependencies": {
        "tslib": "2"
      }
    },
    "node_modules/tslib": {
      "version": "2.8.1",
      "license": "0BSD"
    },
    "node_modules/typed-array-buffer": {
      "version": "1.0.3",
      "license": "MIT",
      "dependencies": {
        "call-bound": "^1.0.3",
        "es-errors": "^1.3.0",
        "is-typed-array": "^1.1.14"
      },
      "engines": {
        "node": ">= 0.4"
      }
    },
    "node_modules/uint8arrays": {
      "version": "3.0.0",
      "license": "MIT",
      "dependencies": {
        "multiformats": "^9.4.2"
      }
    },
    "node_modules/uint8arrays/node_modules/multiformats": {
      "version": "9.9.0",
      "license": "(Apache-2.0 AND MIT)"
    },
    "node_modules/undici": {
      "version": "6.23.0",
      "license": "MIT",
      "engines": {
        "node": ">=18.17"
      }
    },
    "node_modules/unicode-segmenter": {
      "version": "0.14.5",
      "license": "MIT"
    },
    "node_modules/which-typed-array": {
      "version": "1.1.20",
      "license": "MIT",
      "dependencies": {
        "available-typed-arrays": "^1.0.7",
        "call-bind": "^1.0.8",
        "call-bound": "^1.0.4",
        "for-each": "^0.3.5",
        "get-proto": "^1.0.1",
        "gopd": "^1.2.0",
        "has-tostringtag": "^1.0.2"
      },
      "engines": {
        "node": ">= 0.4"
      },
      "funding": {
        "url": "https://github.com/sponsors/ljharb"
      }
    },
    "node_modules/wrappy": {
      "version": "1.0.2",
      "license": "ISC"
    },
    "node_modules/zod": {
      "version": "3.25.76",
      "license": "MIT",
      "funding": {
        "url": "https://github.com/sponsors/colinhacks"
      }
    }
  }
}
